Microsoft Visual Studio Solution File, Format Version 12.00
# Visual Studio Version 17
VisualStudioVersion = 17.5.2.0
MinimumVisualStudioVersion = 10.0.40219.1
Project("{FAE04EC0-301F-11D3-BF4B-00C04F79EFBC}") = "Jo-Ken-Po", "Jo-Ken-Po.csproj", "{15E429C2-2E2A-793F-C370-B2908C475C7C}"
EndProject
Global
	GlobalSection(SolutionConfigurationPlatforms) = preSolution
		Debug|Any CPU = Debug|Any CPU
		Release|Any CPU = Release|Any CPU
	EndGlobalSection
	GlobalSection(ProjectConfigurationPlatforms) = postSolution
		{15E429C2-2E2A-793F-C370-B2908C475C7C}.Debug|Any CPU.ActiveCfg = Debug|Any CPU
		{15E429C2-2E2A-793F-C370-B2908C475C7C}.Debug|Any CPU.Build.0 = Debug|Any CPU
		{15E429C2-2E2A-793F-C370-B2908C475C7C}.Release|Any CPU.ActiveCfg = Release|Any CPU
		{15E429C2-2E2A-793F-C370-B2908C475C7C}.Release|Any CPU.Build.0 = Release|Any CPU
	EndGlobalSection
	GlobalSection(SolutionProperties) = preSolution
		HideSolutionNode = FALSE
	EndGlobalSection
	GlobalSection(ExtensibilityGlobals) = postSolution
		SolutionGuid = {1CAF3E67-5D9C-42BB-A9DF-5C0141EAF75F}
	EndGlobalSection
EndGlobal
